<?xml version="1.0" encoding="utf-8"?>
<Project ToolsVersion="4.0" xmlns="http://schemas.microsoft.com/developer/msbuild/2003">
  <ItemGroup>
    <ClCompile Include="..\..\dialog_about.c">
      <Filter>Source Files</Filter>
    </ClCompile>
    <ClCompile Include="..\..\dialog_area_calibration.c">
      <Filter>Source Files</Filter>
    </ClCompile>
    <ClCompile Include="..\..\indent-toolbox.c">
      <Filter>Source Files</Filter>
    </ClCompile>
    <ClCompile Include="..\..\indent-toolbox-common.c">
      <Filter>Source Files</Filter>
    </ClCompile>
    <ClCompile Include="..\..\settings.c">
      <Filter>Source Files</Filter>
    </ClCompile>
    <ClCompile Include="..\..\tool_apopins.c">
      <Filter>Source Files</Filter>
    </ClCompile>
    <ClCompile Include="..\..\tool_contact.c">
      <Filter>Source Files</Filter>
    </ClCompile>
    <ClCompile Include="..\..\tool_creep.c">
      <Filter>Source Files</Filter>
    </ClCompile>
    <ClCompile Include="..\..\tool_epwork.c">
      <Filter>Source Files</Filter>
    </ClCompile>
    <ClCompile Include="..\..\tool_epwork_unc.c">
      <Filter>Source Files</Filter>
    </ClCompile>
    <ClCompile Include="..\..\tool_hertz.c">
      <Filter>Source Files</Filter>
    </ClCompile>
    <ClCompile Include="..\..\tool_hertz_mc.c">
      <Filter>Source Files</Filter>
    </ClCompile>
    <ClCompile Include="..\..\tool_hertz_unc.c">
      <Filter>Source Files</Filter>
    </ClCompile>
    <ClCompile Include="..\..\tool_op.c">
      <Filter>Source Files</Filter>
    </ClCompile>
    <ClCompile Include="..\..\tool_op_odr.c">
      <Filter>Source Files</Filter>
    </ClCompile>
    <ClCompile Include="..\..\tool_op_odr_unc.c">
      <Filter>Source Files</Filter>
    </ClCompile>
    <ClCompile Include="..\..\tool_op_unc.c">
      <Filter>Source Files</Filter>
    </ClCompile>
    <ClCompile Include="..\..\tool_ppopins.c">
      <Filter>Source Files</Filter>
    </ClCompile>
    <ClCompile Include="..\..\tool_relax.c">
      <Filter>Source Files</Filter>
    </ClCompile>
    <ClCompile Include="..\..\tool_tangent.c">
      <Filter>Source Files</Filter>
    </ClCompile>
    <ClCompile Include="..\..\tool_tangent_unc.c">
      <Filter>Source Files</Filter>
    </ClCompile>
    <ClCompile Include="..\..\getline.c">
      <Filter>Source Files</Filter>
    </ClCompile>
    <ClCompile Include="..\..\tool_Ph2.c">
      <Filter>Source Files</Filter>
    </ClCompile>
    <ClCompile Include="..\..\tool_twoslopes.c">
      <Filter>Source Files</Filter>
    </ClCompile>
    <ClCompile Include="..\..\fddata.c">
      <Filter>Source Files</Filter>
    </ClCompile>
    <ClCompile Include="..\..\file-utils.c">
      <Filter>Source Files</Filter>
    </ClCompile>
    <ClCompile Include="..\..\fit-utils.c">
      <Filter>Source Files</Filter>
    </ClCompile>
    <ClCompile Include="..\..\gui-utils.c">
      <Filter>Source Files</Filter>
    </ClCompile>
    <ClCompile Include="..\..\instrument.c">
      <Filter>Source Files</Filter>
    </ClCompile>
    <ClCompile Include="..\..\mc-utils.c">
      <Filter>Source Files</Filter>
    </ClCompile>
    <ClCompile Include="..\..\tool_twoslopes_unc.c">
      <Filter>Source Files</Filter>
    </ClCompile>
    <ClCompile Include="..\..\tool_op_odr_unc_gui.c">
      <Filter>Source Files</Filter>
    </ClCompile>
    <ClCompile Include="..\..\tool_op_unc_gui.c">
      <Filter>Source Files</Filter>
    </ClCompile>
    <ClCompile Include="..\..\tool_tangent_unc_gui.c">
      <Filter>Source Files</Filter>
    </ClCompile>
    <ClCompile Include="..\..\tool_twoslopes_unc_gui.c">
      <Filter>Source Files</Filter>
    </ClCompile>
    <ClCompile Include="..\..\tool_hertz_odr.c">
      <Filter>Source Files</Filter>
    </ClCompile>
    <ClCompile Include="..\..\tool_hertz_odr_mc.c">
      <Filter>Source Files</Filter>
    </ClCompile>
    <ClCompile Include="..\..\tool_hertz_odr_unc.c">
      <Filter>Source Files</Filter>
    </ClCompile>
  </ItemGroup>
  <ItemGroup>
    <Filter Include="Header Files">
      <UniqueIdentifier>{2b616a9d-aae9-49d9-b561-35bc07720cd8}</UniqueIdentifier>
    </Filter>
    <Filter Include="Source Files">
      <UniqueIdentifier>{572cf034-b8ad-47c2-871f-34e1fe86b426}</UniqueIdentifier>
    </Filter>
  </ItemGroup>
  <ItemGroup>
    <ClInclude Include="..\..\dialog_about.h">
      <Filter>Header Files</Filter>
    </ClInclude>
    <ClInclude Include="..\..\dialog_area_calibration.h">
      <Filter>Header Files</Filter>
    </ClInclude>
    <ClInclude Include="..\..\indent-toolbox.h">
      <Filter>Header Files</Filter>
    </ClInclude>
    <ClInclude Include="..\..\indent-toolbox-common.h">
      <Filter>Header Files</Filter>
    </ClInclude>
    <ClInclude Include="..\..\settings.h">
      <Filter>Header Files</Filter>
    </ClInclude>
    <ClInclude Include="..\..\tool_apopins.h">
      <Filter>Header Files</Filter>
    </ClInclude>
    <ClInclude Include="..\..\tool_contact.h">
      <Filter>Header Files</Filter>
    </ClInclude>
    <ClInclude Include="..\..\tool_creep.h">
      <Filter>Header Files</Filter>
    </ClInclude>
    <ClInclude Include="..\..\tool_epwork.h">
      <Filter>Header Files</Filter>
    </ClInclude>
    <ClInclude Include="..\..\tool_epwork_unc.h">
      <Filter>Header Files</Filter>
    </ClInclude>
    <ClInclude Include="..\..\tool_hertz.h">
      <Filter>Header Files</Filter>
    </ClInclude>
    <ClInclude Include="..\..\tool_hertz_mc.h">
      <Filter>Header Files</Filter>
    </ClInclude>
    <ClInclude Include="..\..\tool_hertz_unc.h">
      <Filter>Header Files</Filter>
    </ClInclude>
    <ClInclude Include="..\..\tool_op.h">
      <Filter>Header Files</Filter>
    </ClInclude>
    <ClInclude Include="..\..\tool_op_odr.h">
      <Filter>Header Files</Filter>
    </ClInclude>
    <ClInclude Include="..\..\tool_op_odr_unc.h">
      <Filter>Header Files</Filter>
    </ClInclude>
    <ClInclude Include="..\..\tool_op_unc.h">
      <Filter>Header Files</Filter>
    </ClInclude>
    <ClInclude Include="..\..\tool_ppopins.h">
      <Filter>Header Files</Filter>
    </ClInclude>
    <ClInclude Include="..\..\tool_relax.h">
      <Filter>Header Files</Filter>
    </ClInclude>
    <ClInclude Include="..\..\tool_tangent.h">
      <Filter>Header Files</Filter>
    </ClInclude>
    <ClInclude Include="..\..\tool_tangent_unc.h">
      <Filter>Header Files</Filter>
    </ClInclude>
    <ClInclude Include="..\..\getline.h">
      <Filter>Header Files</Filter>
    </ClInclude>
    <ClInclude Include="..\..\tool_Ph2.h">
      <Filter>Header Files</Filter>
    </ClInclude>
    <ClInclude Include="..\..\tool_twoslopes.h">
      <Filter>Header Files</Filter>
    </ClInclude>
    <ClInclude Include="..\..\controls.h">
      <Filter>Header Files</Filter>
    </ClInclude>
    <ClInclude Include="..\..\datatypes.h">
      <Filter>Header Files</Filter>
    </ClInclude>
    <ClInclude Include="..\..\fddata.h">
      <Filter>Header Files</Filter>
    </ClInclude>
    <ClInclude Include="..\..\file-utils.h">
      <Filter>Header Files</Filter>
    </ClInclude>
    <ClInclude Include="..\..\fit-utils.h">
      <Filter>Header Files</Filter>
    </ClInclude>
    <ClInclude Include="..\..\gui-utils.h">
      <Filter>Header Files</Filter>
    </ClInclude>
    <ClInclude Include="..\..\instrument.h">
      <Filter>Header Files</Filter>
    </ClInclude>
    <ClInclude Include="..\..\mc-utils.h">
      <Filter>Header Files</Filter>
    </ClInclude>
    <ClInclude Include="..\..\tool_twoslopes_unc.h">
      <Filter>Header Files</Filter>
    </ClInclude>
    <ClInclude Include="..\..\tool_op_odr_unc_gui.h">
      <Filter>Header Files</Filter>
    </ClInclude>
    <ClInclude Include="..\..\tool_op_unc_gui.h">
      <Filter>Header Files</Filter>
    </ClInclude>
    <ClInclude Include="..\..\tool_tangent_unc_gui.h">
      <Filter>Header Files</Filter>
    </ClInclude>
    <ClInclude Include="..\..\tool_twoslopes_unc_gui.h">
      <Filter>Header Files</Filter>
    </ClInclude>
    <ClInclude Include="..\..\tool_hertz_odr.h">
      <Filter>Header Files</Filter>
    </ClInclude>
    <ClInclude Include="..\..\tool_hertz_odr_mc.h">
      <Filter>Header Files</Filter>
    </ClInclude>
    <ClInclude Include="..\..\tool_hertz_odr_unc.h">
      <Filter>Header Files</Filter>
    </ClInclude>
  </ItemGroup>
</Project>